
Microsoft Visual Studio Solution File, Format Version 12.00
# Visual Studio Version 16
VisualStudioVersion = 16.0.32510.428
MinimumVisualStudioVersion = 10.0.40219.1
Project("{FAE04EC0-301F-11D3-BF4B-00C04F79EFBC}") = "Go_Study_Mobile.Android", "Go-Study_Mobile\Go-Study_Mobile.Android\Go_Study_Mobile.Android.csproj", "{F1C01623-10AD-4E57-943E-65E84208F277}"
EndProject
Project("{9A19103F-16F7-4668-BE54-9A1E7A4F7556}") = "Go_Study_Mobile", "Go-Study_Mobile\Go-Study_Mobile\Go_Study_Mobile.csproj", "{FB2AF6BB-DCF5-4234-B3C7-56EA82524E59}"
EndProject
Project("{9A19103F-16F7-4668-BE54-9A1E7A4F7556}") = "DataBaseCore", "DataBaseCore\DataBaseCore.csproj", "{586EAD54-1677-479D-B93E-E697A6AAB24F}"
EndProject
Project("{9A19103F-16F7-4668-BE54-9A1E7A4F7556}") = "ApiService", "ApiService\ApiService.csproj", "{FDDC4EB5-52FF-4AB5-9667-3B598EE0A9DA}"
EndProject
Project("{FAE04EC0-301F-11D3-BF4B-00C04F79EFBC}") = "Logger", "Logger\Logger.csproj", "{72F3BED9-EDF3-4220-8EE3-3BE24A2350B0}"
EndProject
Global
	GlobalSection(SolutionConfigurationPlatforms) = preSolution
		Debug|Any CPU = Debug|Any CPU
		Release|Any CPU = Release|Any CPU
	EndGlobalSection
	GlobalSection(ProjectConfigurationPlatforms) = postSolution
		{F1C01623-10AD-4E57-943E-65E84208F277}.Debug|Any CPU.ActiveCfg = Debug|Any CPU
		{F1C01623-10AD-4E57-943E-65E84208F277}.Debug|Any CPU.Build.0 = Debug|Any CPU
		{F1C01623-10AD-4E57-943E-65E84208F277}.Debug|Any CPU.Deploy.0 = Debug|Any CPU
		{F1C01623-10AD-4E57-943E-65E84208F277}.Release|Any CPU.ActiveCfg = Release|Any CPU
		{F1C01623-10AD-4E57-943E-65E84208F277}.Release|Any CPU.Build.0 = Release|Any CPU
		{F1C01623-10AD-4E57-943E-65E84208F277}.Release|Any CPU.Deploy.0 = Release|Any CPU
		{FB2AF6BB-DCF5-4234-B3C7-56EA82524E59}.Debug|Any CPU.ActiveCfg = Debug|Any CPU
		{FB2AF6BB-DCF5-4234-B3C7-56EA82524E59}.Debug|Any CPU.Build.0 = Debug|Any CPU
		{FB2AF6BB-DCF5-4234-B3C7-56EA82524E59}.Debug|Any CPU.Deploy.0 = Debug|Any CPU
		{FB2AF6BB-DCF5-4234-B3C7-56EA82524E59}.Release|Any CPU.ActiveCfg = Release|Any CPU
		{FB2AF6BB-DCF5-4234-B3C7-56EA82524E59}.Release|Any CPU.Build.0 = Release|Any CPU
		{FB2AF6BB-DCF5-4234-B3C7-56EA82524E59}.Release|Any CPU.Deploy.0 = Release|Any CPU
		{586EAD54-1677-479D-B93E-E697A6AAB24F}.Debug|Any CPU.ActiveCfg = Debug|Any CPU
		{586EAD54-1677-479D-B93E-E697A6AAB24F}.Debug|Any CPU.Build.0 = Debug|Any CPU
		{586EAD54-1677-479D-B93E-E697A6AAB24F}.Release|Any CPU.ActiveCfg = Release|Any CPU
		{586EAD54-1677-479D-B93E-E697A6AAB24F}.Release|Any CPU.Build.0 = Release|Any CPU
		{FDDC4EB5-52FF-4AB5-9667-3B598EE0A9DA}.Debug|Any CPU.ActiveCfg = Debug|Any CPU
		{FDDC4EB5-52FF-4AB5-9667-3B598EE0A9DA}.Debug|Any CPU.Build.0 = Debug|Any CPU
		{FDDC4EB5-52FF-4AB5-9667-3B598EE0A9DA}.Release|Any CPU.ActiveCfg = Release|Any CPU
		{FDDC4EB5-52FF-4AB5-9667-3B598EE0A9DA}.Release|Any CPU.Build.0 = Release|Any CPU
		{72F3BED9-EDF3-4220-8EE3-3BE24A2350B0}.Debug|Any CPU.ActiveCfg = Debug|Any CPU
		{72F3BED9-EDF3-4220-8EE3-3BE24A2350B0}.Debug|Any CPU.Build.0 = Debug|Any CPU
		{72F3BED9-EDF3-4220-8EE3-3BE24A2350B0}.Release|Any CPU.ActiveCfg = Release|Any CPU
		{72F3BED9-EDF3-4220-8EE3-3BE24A2350B0}.Release|Any CPU.Build.0 = Release|Any CPU
	EndGlobalSection
	GlobalSection(SolutionProperties) = preSolution
		HideSolutionNode = FALSE
	EndGlobalSection
	GlobalSection(ExtensibilityGlobals) = postSolution
		SolutionGuid = {8BD09E84-7637-49A6-A234-973D7BD6F130}
	EndGlobalSection
EndGlobal
